{
  "version": 4,
  "terraform_version": "1.7.5",
  "serial": 10,
  "lineage": "4251a067-85d3-d913-3842-32dc603b08da",
  "outputs": {
    "key_data": {
      "value": "ssh-rsa AAAAB3NzaC1yc2EAAAADAQABAAABgQDz4Zw6GMQRDa2bRxTN4aHzv3ojRlbi7DblbVBPj4F0EPsIzC2+P6UnKmYnzm/MOGgnpbmBhMUa0J2b1zyQCN2V6JpE8/rK08hMFyKutQybY8m5gYH3gL7+Q3yfyRaQlRx0xmOdRs5P2VY6U8CuRQFEEK/Yt+tOhSdLRo6iDD64zPf/IBZElgq88zNTkyVKjb2hVAoxBY7T0Zq3zOCrug6MN3mHpMG2jEXVh0LDZ6qjInmByZrtRGBIaVQYpMyLorBCwN+iWvwbWwo1q5GXmf+Zu31v51IqAvMPsnhMYOiOsyVD5Gblz9ffnYvSyF9Mfsu4MExQ57ulpbtcQSKfKvGOwLDQMu/CH/2WcEc+rDo5L5k5YXQoBvKvz9qabw2rcMIKZXxz+E19ZzfIFmgFUXrps/GBO+PHqjv7f/OwIbeE9shm9NCadqIUzMAHxincem3Z6hlqjQc3CEOlPar0jLdvRO28iQSK67UIihrMqQHO7PkDCoxnitmwmHlrrQXcd7E= generated-by-azure",
      "type": "string"
    },
    "kubernetes_cluster_name": {
      "value": "cluster-touched-skink",
      "type": "string"
    },
    "resource_group_name": {
      "value": "rg-rare-krill",
      "type": "string"
    }
  },
  "resources": [
    {
      "mode": "managed",
      "type": "azapi_resource",
      "name": "ssh_public_key",
      "provider": "provider[\"registry.terraform.io/azure/azapi\"]",
      "instances": [
        {
          "schema_version": 0,
          "attributes": {
            "body": "{}",
            "id": "/subscriptions/bdb0859d-b85b-4ed2-bb10-327c3a9f52e5/resourceGroups/rg-rare-krill/providers/Microsoft.Compute/sshPublicKeys/sshrationalloon",
            "identity": [],
            "ignore_body_changes": null,
            "ignore_casing": false,
            "ignore_missing_property": true,
            "location": "eastus",
            "locks": null,
            "name": "sshrationalloon",
            "output": "{}",
            "parent_id": "/subscriptions/bdb0859d-b85b-4ed2-bb10-327c3a9f52e5/resourceGroups/rg-rare-krill",
            "removing_special_chars": false,
            "response_export_values": null,
            "schema_validation_enabled": true,
            "tags": {},
            "timeouts": null,
            "type": "Microsoft.Compute/sshPublicKeys@2022-11-01"
          },
          "sensitive_attributes": [],
          "private": "eyJlMmJmYjczMC1lY2FhLTExZTYtOGY4OC0zNDM2M2JjN2M0YzAiOnsiY3JlYXRlIjoxODAwMDAwMDAwMDAwLCJkZWxldGUiOjE4MDAwMDAwMDAwMDAsInJlYWQiOjMwMDAwMDAwMDAwMCwidXBkYXRlIjoxODAwMDAwMDAwMDAwfX0=",
          "dependencies": [
            "azurerm_resource_group.rg",
            "random_pet.rg_name",
            "random_pet.ssh_key_name"
          ]
        }
      ]
    },
    {
      "mode": "managed",
      "type": "azapi_resource_action",
      "name": "ssh_public_key_gen",
      "provider": "provider[\"registry.terraform.io/azure/azapi\"]",
      "instances": [
        {
          "schema_version": 0,
          "attributes": {
            "action": "generateKeyPair",
            "body": null,
            "id": "/subscriptions/bdb0859d-b85b-4ed2-bb10-327c3a9f52e5/resourceGroups/rg-rare-krill/providers/Microsoft.Compute/sshPublicKeys/sshrationalloon/generateKeyPair",
            "locks": null,
            "method": "POST",
            "output": "{\"privateKey\":\"-----BEGIN RSA PRIVATE KEY-----\\r\\nMIIG5gIBAAKCAYEA8+GcOhjEEQ2tm0cUzeGh8796I0ZW4uw25W1QT4+BdBD7CMwt\\r\\nvj+lJypmJ85vzDhoJ6W5gYTFGtCdm9c8kAjdleiaRPP6ytPITBcirrUMm2PJuYGB\\r\\n94C+/kN8n8kWkJUcdMZjnUbOT9lWOlPArkUBRBCv2LfrToUnS0aOogw+uMz3/yAW\\r\\nRJYKvPMzU5MlSo29oVQKMQWO09Gat8zgq7oOjDd5h6TBtoxF1YdCw2eqoyJ5gcma\\r\\n7URgSGlUGKTMi6KwQsDfolr8G1sKNauRl5n/mbt9b+dSKgLzD7J4TGDojrMlQ+Rm\\r\\n5c/X352L0shfTH7LuDBMUOe7paW7XEEinyrxjsCw0DLvwh/9lnBHPqw6OS+ZOWF0\\r\\nKAbyr8/amm8Nq3DCCmV8c/hNfWc3yBZoBVF66bPxgTvjx6o7+3/zsCG3hPbIZvTQ\\r\\nmnaiFMzAB8Yp3Hpt2eoZao0HNwhDpT2q9Iy3b0TtvIkEiuu1CIoazKkBzuz5AwqM\\r\\nZ4rZsJh5a60F3HexAgMBAAECggGBAOUp5HE7AFG99pnoKwZitJmkHRK0b8R/jf37\\r\\nv/FiuZPkuN7FbV5N09R/pMpW0vqlLknDEhNAPS47RT5A++mkSwMoNH4CfHDGnHnT\\r\\na4WbHqONGuqzZPq7Ab1OkPZcMFXfp4ObP9Nzyz2AzeO0+2NF+DCLNZGBER0RRaEY\\r\\nRcLDmtRv1cDn18TO8HwoUtx/chUiJ0RHAeSagmFLngSEAcGb7TuYjRwGlvf/y0cf\\r\\n+H5BFTiBlod8d5XoIEkqoBkgEgxL61rZAGOqf91BkOhg822tXqAQIWS7tk0XxpJK\\r\\n+qG8ujNupR6ARXAY69h2Sn1F9mZWm2oRIVMq9jqVcA38+jP6WoJsYWl1VFci2Cqt\\r\\n8RKHBBDif2JCBPgkdOAtNxV4eMWjA6PQ1jL7vBJnCt+R7+EwwmAfXhIpKL/HyMWD\\r\\ns/ZZBcvTbr7fY1XpRUpNmd9dVqh1e+H7Xvk/kY8rWc3ZKdqabc1DubDssFgq2sau\\r\\npFUoocH7VqwMh0CiUqhEn0e9yOcRWQKBwQD5pvZEW+AqWcFgLXxyIQZhqm4PQKnr\\r\\nShF6lWVBL0dH1QVuSrvmtSr5aG8AaVysDrD1umUgmlInqHq06/qpHWtrp658CrU4\\r\\nutQ2zkRaRo3t42OaUot3IrUV2//u5LWExiRsCVo+2VA0sGb7b/bYhv3KALplQDL8\\r\\nM35+xsVc4uaF12jMQTgN/3CYyAi9hIkwawjT8WVfHwViiaKH7FaGXTxuZEd4mlR5\\r\\nqmKk+fcEJeDw6DxZz4La3Va25xSQLxGPZtMCgcEA+hUVkhBrzK7Zbu4du3S3JinH\\r\\nuy/pIiNPxOnOQg+3ipdJKLozi8kwX3oEGw9BGQWNRGQuDpZjOaYLCcz+uBoeKnO1\\r\\nX7oxMI/sjKljD0OutKS+0VgxWw8anwpY0T0MBsqA20rGEBk7TGjGJX/xEx1EE7ZQ\\r\\nzUjxDPoTdUWd7OT9dPp29zhyQbxcnI5hYnQnBVHl2DBSHk8PA1/Jyl89lY04cR6+\\r\\nX6RJqsuZKz7htjeXP9q/eUlS6JEyWdUDdtyf3hzrAoHBAI/WKWdDRAlCg06lhmC/\\r\\nNE0LA7RX/k5o818cOiVvVvNFAYcFGfOXh/YAvIuRKOqc4EoDpYY+Q31D7cbVeyr6\\r\\nn0x8ZORkyvqvcdtNxkX5Bob8DwP38RCn94troK6EKS0heBSi4tL5I+Pnir3tSVyB\\r\\nkjFTcBEsBvQVuxjR7x5QQJ72eBPOs7wk4zuzbI28kcpKsOBj4ZMHbXPTdsg3W7a4\\r\\nezvjHOaYjHk4uPLybeZ+6HYEZ9ka3Pq6sd5Zjxhvdf+YLwKBwQDDQ2EzShURnVhy\\r\\nsAOREWHLr4WfF5qdqBqpsrD0jdcOpG9gGHsU40Mc2WWJR1DZ26bgxqPbifrx0T7/\\r\\nKQud7e6t0OjGVNgBhe76KWwKSBuKOrQvOwBWjCWKFocg4NyaFNWl4+1gNoNBdvF3\\r\\n6DzwYsJ77beLgi+MpVo6D+BuTqHEC6iGAZHc19kr+FP7jpvFIJwpQBluRuZ/CPTD\\r\\nSbgJJFn0oT+d5+YJMK1owdF0+FTla8RjTCgrJOu+jn8E+ODuiX8CgcEAvmpeGNtD\\r\\no9qaOqQ3KhV0u9Qy+9yg0EG97Tvh2GXHHG2U8FPe16gZjYeOTiNxk5DBwiqB2U3C\\r\\n8QPeHkpzYLqDzAqfInN8iPqm2qakrl+zgkDv9phiepXw05bTJuzhUNTv/m2rQ47t\\r\\n0TX2kWKpbz5i/wV7b+wMWl/sxm2CtbWDFOWVWa35CytXf6OtJnFKh+1fgoaJK5Ty\\r\\n3gnLZjwbmnahVUaf/xuSQcyiG15QlePXeIQiFyF1dod0GP3zOYBa2eU0\\r\\n-----END RSA PRIVATE KEY-----\\r\\n\",\"publicKey\":\"ssh-rsa AAAAB3NzaC1yc2EAAAADAQABAAABgQDz4Zw6GMQRDa2bRxTN4aHzv3ojRlbi7DblbVBPj4F0EPsIzC2+P6UnKmYnzm/MOGgnpbmBhMUa0J2b1zyQCN2V6JpE8/rK08hMFyKutQybY8m5gYH3gL7+Q3yfyRaQlRx0xmOdRs5P2VY6U8CuRQFEEK/Yt+tOhSdLRo6iDD64zPf/IBZElgq88zNTkyVKjb2hVAoxBY7T0Zq3zOCrug6MN3mHpMG2jEXVh0LDZ6qjInmByZrtRGBIaVQYpMyLorBCwN+iWvwbWwo1q5GXmf+Zu31v51IqAvMPsnhMYOiOsyVD5Gblz9ffnYvSyF9Mfsu4MExQ57ulpbtcQSKfKvGOwLDQMu/CH/2WcEc+rDo5L5k5YXQoBvKvz9qabw2rcMIKZXxz+E19ZzfIFmgFUXrps/GBO+PHqjv7f/OwIbeE9shm9NCadqIUzMAHxincem3Z6hlqjQc3CEOlPar0jLdvRO28iQSK67UIihrMqQHO7PkDCoxnitmwmHlrrQXcd7E= generated-by-azure\"}",
            "resource_id": "/subscriptions/bdb0859d-b85b-4ed2-bb10-327c3a9f52e5/resourceGroups/rg-rare-krill/providers/Microsoft.Compute/sshPublicKeys/sshrationalloon",
            "response_export_values": [
              "publicKey",
              "privateKey"
            ],
            "timeouts": null,
            "type": "Microsoft.Compute/sshPublicKeys@2022-11-01",
            "when": "apply"
          },
          "sensitive_attributes": [],
          "private": "eyJlMmJmYjczMC1lY2FhLTExZTYtOGY4OC0zNDM2M2JjN2M0YzAiOnsiY3JlYXRlIjoxODAwMDAwMDAwMDAwLCJkZWxldGUiOjE4MDAwMDAwMDAwMDAsInJlYWQiOjMwMDAwMDAwMDAwMCwidXBkYXRlIjoxODAwMDAwMDAwMDAwfX0=",
          "dependencies": [
            "azapi_resource.ssh_public_key",
            "azurerm_resource_group.rg",
            "random_pet.rg_name",
            "random_pet.ssh_key_name"
          ]
        }
      ]
    },
    {
      "mode": "managed",
      "type": "azurerm_resource_group",
      "name": "rg",
      "provider": "provider[\"registry.terraform.io/hashicorp/azurerm\"]",
      "instances": [
        {
          "schema_version": 0,
          "attributes": {
            "id": "/subscriptions/bdb0859d-b85b-4ed2-bb10-327c3a9f52e5/resourceGroups/rg-rare-krill",
            "location": "eastus",
            "managed_by": "",
            "name": "rg-rare-krill",
            "tags": {},
            "timeouts": null
          },
          "sensitive_attributes": [],
          "private": "eyJlMmJmYjczMC1lY2FhLTExZTYtOGY4OC0zNDM2M2JjN2M0YzAiOnsiY3JlYXRlIjo1NDAwMDAwMDAwMDAwLCJkZWxldGUiOjU0MDAwMDAwMDAwMDAsInJlYWQiOjMwMDAwMDAwMDAwMCwidXBkYXRlIjo1NDAwMDAwMDAwMDAwfX0=",
          "dependencies": [
            "random_pet.rg_name"
          ]
        }
      ]
    },
    {
      "mode": "managed",
      "type": "random_pet",
      "name": "azurerm_kubernetes_cluster_dns_prefix",
      "provider": "provider[\"registry.terraform.io/hashicorp/random\"]",
      "instances": [
        {
          "schema_version": 0,
          "attributes": {
            "id": "dns-deciding-treefrog",
            "keepers": null,
            "length": 2,
            "prefix": "dns",
            "separator": "-"
          },
          "sensitive_attributes": []
        }
      ]
    },
    {
      "mode": "managed",
      "type": "random_pet",
      "name": "azurerm_kubernetes_cluster_name",
      "provider": "provider[\"registry.terraform.io/hashicorp/random\"]",
      "instances": [
        {
          "schema_version": 0,
          "attributes": {
            "id": "cluster-touched-skink",
            "keepers": null,
            "length": 2,
            "prefix": "cluster",
            "separator": "-"
          },
          "sensitive_attributes": []
        }
      ]
    },
    {
      "mode": "managed",
      "type": "random_pet",
      "name": "rg_name",
      "provider": "provider[\"registry.terraform.io/hashicorp/random\"]",
      "instances": [
        {
          "schema_version": 0,
          "attributes": {
            "id": "rg-rare-krill",
            "keepers": null,
            "length": 2,
            "prefix": "rg",
            "separator": "-"
          },
          "sensitive_attributes": []
        }
      ]
    },
    {
      "mode": "managed",
      "type": "random_pet",
      "name": "ssh_key_name",
      "provider": "provider[\"registry.terraform.io/hashicorp/random\"]",
      "instances": [
        {
          "schema_version": 0,
          "attributes": {
            "id": "sshrationalloon",
            "keepers": null,
            "length": 2,
            "prefix": "ssh",
            "separator": ""
          },
          "sensitive_attributes": []
        }
      ]
    }
  ],
  "check_results": null
}
